
Microsoft Visual Studio Solution File, Format Version 12.00
# Visual Studio Version 16
VisualStudioVersion = 16.0.30611.23
MinimumVisualStudioVersion = 10.0.40219.1
Project("{FAE04EC0-301F-11D3-BF4B-00C04F79EFBC}") = "ClientCFC_P4_20180140103_Form", "ClientCFC_P4_20180140103_Form\ClientCFC_P4_20180140103_Form.csproj", "{ABCD3086-7295-492B-A40B-3739455462C4}"
EndProject
Global
	GlobalSection(SolutionConfigurationPlatforms) = preSolution
		Debug|Any CPU = Debug|Any CPU
		Release|Any CPU = Release|Any CPU
	EndGlobalSection
	GlobalSection(ProjectConfigurationPlatforms) = postSolution
		{ABCD3086-7295-492B-A40B-3739455462C4}.Debug|Any CPU.ActiveCfg = Debug|Any CPU
		{ABCD3086-7295-492B-A40B-3739455462C4}.Debug|Any CPU.Build.0 = Debug|Any CPU
		{ABCD3086-7295-492B-A40B-3739455462C4}.Release|Any CPU.ActiveCfg = Release|Any CPU
		{ABCD3086-7295-492B-A40B-3739455462C4}.Release|Any CPU.Build.0 = Release|Any CPU
	EndGlobalSection
	GlobalSection(SolutionProperties) = preSolution
		HideSolutionNode = FALSE
	EndGlobalSection
	GlobalSection(ExtensibilityGlobals) = postSolution
		SolutionGuid = {41A5863C-3527-4BED-B982-075D8719E7F4}
	EndGlobalSection
EndGlobal
